// !$*UTF8*$!
{
	archiveVersion = 1;
	classes = {
	};
	objectVersion = 46;
	objects = {

/* Begin PBXBuildFile section */
		8512E0901D958B4C007B26EF /* AppDelegate.swift in Sources */ = {isa = PBXBuildFile; fileRef = 8512E08F1D958B4C007B26EF /* AppDelegate.swift */; };
		8512E0921D958B4C007B26EF /* ViewController.swift in Sources */ = {isa = PBXBuildFile; fileRef = 8512E0911D958B4C007B26EF /* ViewController.swift */; };
		8512E0951D958B4C007B26EF /* Main.storyboard in Resources */ = {isa = PBXBuildFile; fileRef = 8512E0931D958B4C007B26EF /* Main.storyboard */; };
		8512E0971D958B4D007B26EF /* Assets.xcassets in Resources */ = {isa = PBXBuildFile; fileRef = 8512E0961D958B4D007B26EF /* Assets.xcassets */; };
		8512E09A1D958B4D007B26EF /* LaunchScreen.storyboard in Resources */ = {isa = PBXBuildFile; fileRef = 8512E0981D958B4D007B26EF /* LaunchScreen.storyboard */; };
		8522D54E1D9ADE5600CA701D /* GoogleService-Info.plist in Resources */ = {isa = PBXBuildFile; fileRef = 8522D54D1D9ADE5600CA701D /* GoogleService-Info.plist */; };
		8522D55C1D9AE8A200CA701D /* PokeAnnotation.swift in Sources */ = {isa = PBXBuildFile; fileRef = 8522D55B1D9AE8A200CA701D /* PokeAnnotation.swift */; };
		8522D56F1D9AFAB200CA701D /* GeoFire.m in Sources */ = {isa = PBXBuildFile; fileRef = 8522D5661D9AFAB200CA701D /* GeoFire.m */; };
		8522D5701D9AFAB200CA701D /* GFBase32Utils.m in Sources */ = {isa = PBXBuildFile; fileRef = 8522D5681D9AFAB200CA701D /* GFBase32Utils.m */; };
		8522D5711D9AFAB200CA701D /* GFGeoHash.m in Sources */ = {isa = PBXBuildFile; fileRef = 8522D56A1D9AFAB200CA701D /* GFGeoHash.m */; };
		8522D5721D9AFAB200CA701D /* GFGeoHashQuery.m in Sources */ = {isa = PBXBuildFile; fileRef = 8522D56C1D9AFAB200CA701D /* GFGeoHashQuery.m */; };
		8522D5731D9AFAB200CA701D /* GFQuery.m in Sources */ = {isa = PBXBuildFile; fileRef = 8522D56E1D9AFAB200CA701D /* GFQuery.m */; };
		C1CB12F22409EAEC5E682A7E /* Pods_Poke_Finder.framework in Frameworks */ = {isa = PBXBuildFile; fileRef = 6B2569C8859F01505A7D36EB /* Pods_Poke_Finder.framework */; };
/* End PBXBuildFile section */

/* Begin PBXFileReference section */
		440196DB8804D6CE95A434E0 /* Pods-Poke Finder.release.xcconfig */ = {isa = PBXFileReference; includeInIndex = 1; lastKnownFileType = text.xcconfig; name = "Pods-Poke Finder.release.xcconfig"; path = "Pods/Target Support Files/Pods-Poke Finder/Pods-Poke Finder.release.xcconfig"; sourceTree = "<group>"; };
		6B2569C8859F01505A7D36EB /* Pods_Poke_Finder.framework */ = {isa = PBXFileReference; explicitFileType = wrapper.framework; includeInIndex = 0; path = Pods_Poke_Finder.framework; sourceTree = BUILT_PRODUCTS_DIR; };
		8512E08C1D958B4C007B26EF /* Poke Finder.app */ = {isa = PBXFileReference; explicitFileType = wrapper.application; includeInIndex = 0; path = "Poke Finder.app"; sourceTree = BUILT_PRODUCTS_DIR; };
		8512E08F1D958B4C007B26EF /* AppDelegate.swift */ = {isa = PBXFileReference; lastKnownFileType = sourcecode.swift; path = AppDelegate.swift; sourceTree = "<group>"; };
		8512E0911D958B4C007B26EF /* ViewController.swift */ = {isa = PBXFileReference; lastKnownFileType = sourcecode.swift; path = ViewController.swift; sourceTree = "<group>"; };
		8512E0941D958B4C007B26EF /* Base */ = {isa = PBXFileReference; lastKnownFileType = file.storyboard; name = Base; path = Base.lproj/Main.storyboard; sourceTree = "<group>"; };
		8512E0961D958B4D007B26EF /* Assets.xcassets */ = {isa = PBXFileReference; lastKnownFileType = folder.assetcatalog; path = Assets.xcassets; sourceTree = "<group>"; };
		8512E0991D958B4D007B26EF /* Base */ = {isa = PBXFileReference; lastKnownFileType = file.storyboard; name = Base; path = Base.lproj/LaunchScreen.storyboard; sourceTree = "<group>"; };
		8512E09B1D958B4D007B26EF /* Info.plist */ = {isa = PBXFileReference; lastKnownFileType = text.plist.xml; path = Info.plist; sourceTree = "<group>"; };
		8522D54D1D9ADE5600CA701D /* GoogleService-Info.plist */ = {isa = PBXFileReference; fileEncoding = 4; lastKnownFileType = text.plist.xml; path = "GoogleService-Info.plist"; sourceTree = "<group>"; };
		8522D5541D9AE38E00CA701D /* Poke Finder-Bridging-Header.h */ = {isa = PBXFileReference; lastKnownFileType = sourcecode.c.h; path = "Poke Finder-Bridging-Header.h"; sourceTree = "<group>"; };
		8522D55B1D9AE8A200CA701D /* PokeAnnotation.swift */ = {isa = PBXFileReference; fileEncoding = 4; lastKnownFileType = sourcecode.swift; path = PokeAnnotation.swift; sourceTree = "<group>"; };
		8522D55F1D9AFAB200CA701D /* GeoFire.h */ = {isa = PBXFileReference; fileEncoding = 4; lastKnownFileType = sourcecode.c.h; path = GeoFire.h; sourceTree = "<group>"; };
		8522D5601D9AFAB200CA701D /* GFCircleQuery.h */ = {isa = PBXFileReference; fileEncoding = 4; lastKnownFileType = sourcecode.c.h; path = GFCircleQuery.h; sourceTree = "<group>"; };
		8522D5611D9AFAB200CA701D /* GFQuery.h */ = {isa = PBXFileReference; fileEncoding = 4; lastKnownFileType = sourcecode.c.h; path = GFQuery.h; sourceTree = "<group>"; };
		8522D5621D9AFAB200CA701D /* GFRegionQuery.h */ = {isa = PBXFileReference; fileEncoding = 4; lastKnownFileType = sourcecode.c.h; path = GFRegionQuery.h; sourceTree = "<group>"; };
		8522D5631D9AFAB200CA701D /* GeoFire-Prefix.pch */ = {isa = PBXFileReference; fileEncoding = 4; lastKnownFileType = sourcecode.c.h; path = "GeoFire-Prefix.pch"; sourceTree = "<group>"; };
		8522D5651D9AFAB200CA701D /* GeoFire+Private.h */ = {isa = PBXFileReference; fileEncoding = 4; lastKnownFileType = sourcecode.c.h; path = "GeoFire+Private.h"; sourceTree = "<group>"; };
		8522D5661D9AFAB200CA701D /* GeoFire.m */ = {isa = PBXFileReference; fileEncoding = 4; lastKnownFileType = sourcecode.c.objc; path = GeoFire.m; sourceTree = "<group>"; };
		8522D5671D9AFAB200CA701D /* GFBase32Utils.h */ = {isa = PBXFileReference; fileEncoding = 4; lastKnownFileType = sourcecode.c.h; path = GFBase32Utils.h; sourceTree = "<group>"; };
		8522D5681D9AFAB200CA701D /* GFBase32Utils.m */ = {isa = PBXFileReference; fileEncoding = 4; lastKnownFileType = sourcecode.c.objc; path = GFBase32Utils.m; sourceTree = "<group>"; };
		8522D5691D9AFAB200CA701D /* GFGeoHash.h */ = {isa = PBXFileReference; fileEncoding = 4; lastKnownFileType = sourcecode.c.h; path = GFGeoHash.h; sourceTree = "<group>"; };
		8522D56A1D9AFAB200CA701D /* GFGeoHash.m */ = {isa = PBXFileReference; fileEncoding = 4; lastKnownFileType = sourcecode.c.objc; path = GFGeoHash.m; sourceTree = "<group>"; };
		8522D56B1D9AFAB200CA701D /* GFGeoHashQuery.h */ = {isa = PBXFileReference; fileEncoding = 4; lastKnownFileType = sourcecode.c.h; path = GFGeoHashQuery.h; sourceTree = "<group>"; };
		8522D56C1D9AFAB200CA701D /* GFGeoHashQuery.m */ = {isa = PBXFileReference; fileEncoding = 4; lastKnownFileType = sourcecode.c.objc; path = GFGeoHashQuery.m; sourceTree = "<group>"; };
		8522D56D1D9AFAB200CA701D /* GFQuery+Private.h */ = {isa = PBXFileReference; fileEncoding = 4; lastKnownFileType = sourcecode.c.h; path = "GFQuery+Private.h"; sourceTree = "<group>"; };
		8522D56E1D9AFAB200CA701D /* GFQuery.m */ = {isa = PBXFileReference; fileEncoding = 4; lastKnownFileType = sourcecode.c.objc; path = GFQuery.m; sourceTree = "<group>"; };
		F42386A226AD985F0BEFB720 /* Pods-Poke Finder.debug.xcconfig */ = {isa = PBXFileReference; includeInIndex = 1; lastKnownFileType = text.xcconfig; name = "Pods-Poke Finder.debug.xcconfig"; path = "Pods/Target Support Files/Pods-Poke Finder/Pods-Poke Finder.debug.xcconfig"; sourceTree = "<group>"; };
/* End PBXFileReference section */

/* Begin PBXFrameworksBuildPhase section */
		8512E0891D958B4C007B26EF /* Frameworks */ = {
			isa = PBXFrameworksBuildPhase;
			buildActionMask = 2147483647;
			files = (
				C1CB12F22409EAEC5E682A7E /* Pods_Poke_Finder.framework in Frameworks */,
			);
			runOnlyForDeploymentPostprocessing = 0;
		};
/* End PBXFrameworksBuildPhase section */

/* Begin PBXGroup section */
		58706EF735B6DBF817821920 /* Pods */ = {
			isa = PBXGroup;
			children = (
				F42386A226AD985F0BEFB720 /* Pods-Poke Finder.debug.xcconfig */,
				440196DB8804D6CE95A434E0 /* Pods-Poke Finder.release.xcconfig */,
			);
			name = Pods;
			sourceTree = "<group>";
		};
		8512E0831D958B4B007B26EF = {
			isa = PBXGroup;
			children = (
				8512E08E1D958B4C007B26EF /* Poke Finder */,
				8512E08D1D958B4C007B26EF /* Products */,
				58706EF735B6DBF817821920 /* Pods */,
				C38581B273E7318311B434EB /* Frameworks */,
			);
			sourceTree = "<group>";
		};
		8512E08D1D958B4C007B26EF /* Products */ = {
			isa = PBXGroup;
			children = (
				8512E08C1D958B4C007B26EF /* Poke Finder.app */,
			);
			name = Products;
			sourceTree = "<group>";
		};
		8512E08E1D958B4C007B26EF /* Poke Finder */ = {
			isa = PBXGroup;
			children = (
				8522D55D1D9AFAB200CA701D /* GeoFire */,
				8522D5591D9AE87500CA701D /* Model */,
				8522D55A1D9AE87A00CA701D /* View */,
				8522D5581D9AE86E00CA701D /* Controller */,
				8512E08F1D958B4C007B26EF /* AppDelegate.swift */,
				8512E0931D958B4C007B26EF /* Main.storyboard */,
				8512E0961D958B4D007B26EF /* Assets.xcassets */,
				8512E0981D958B4D007B26EF /* LaunchScreen.storyboard */,
				8512E09B1D958B4D007B26EF /* Info.plist */,
				8522D54D1D9ADE5600CA701D /* GoogleService-Info.plist */,
				8522D5541D9AE38E00CA701D /* Poke Finder-Bridging-Header.h */,
			);
			path = "Poke Finder";
			sourceTree = "<group>";
		};
		8522D5581D9AE86E00CA701D /* Controller */ = {
			isa = PBXGroup;
			children = (
				8512E0911D958B4C007B26EF /* ViewController.swift */,
			);
			name = Controller;
			sourceTree = "<group>";
		};
		8522D5591D9AE87500CA701D /* Model */ = {
			isa = PBXGroup;
			children = (
				8522D55B1D9AE8A200CA701D /* PokeAnnotation.swift */,
			);
			name = Model;
			sourceTree = "<group>";
		};
		8522D55A1D9AE87A00CA701D /* View */ = {
			isa = PBXGroup;
			children = (
			);
			name = View;
			sourceTree = "<group>";
		};
		8522D55D1D9AFAB200CA701D /* GeoFire */ = {
			isa = PBXGroup;
			children = (
				8522D55E1D9AFAB200CA701D /* API */,
				8522D5631D9AFAB200CA701D /* GeoFire-Prefix.pch */,
				8522D5641D9AFAB200CA701D /* Implementation */,
			);
			path = GeoFire;
			sourceTree = "<group>";
		};
		8522D55E1D9AFAB200CA701D /* API */ = {
			isa = PBXGroup;
			children = (
				8522D55F1D9AFAB200CA701D /* GeoFire.h */,
				8522D5601D9AFAB200CA701D /* GFCircleQuery.h */,
				8522D5611D9AFAB200CA701D /* GFQuery.h */,
				8522D5621D9AFAB200CA701D /* GFRegionQuery.h */,
			);
			path = API;
			sourceTree = "<group>";
		};
		8522D5641D9AFAB200CA701D /* Implementation */ = {
			isa = PBXGroup;
			children = (
				8522D5651D9AFAB200CA701D /* GeoFire+Private.h */,
				8522D5661D9AFAB200CA701D /* GeoFire.m */,
				8522D5671D9AFAB200CA701D /* GFBase32Utils.h */,
				8522D5681D9AFAB200CA701D /* GFBase32Utils.m */,
				8522D5691D9AFAB200CA701D /* GFGeoHash.h */,
				8522D56A1D9AFAB200CA701D /* GFGeoHash.m */,
				8522D56B1D9AFAB200CA701D /* GFGeoHashQuery.h */,
				8522D56C1D9AFAB200CA701D /* GFGeoHashQuery.m */,
				8522D56D1D9AFAB200CA701D /* GFQuery+Private.h */,
				8522D56E1D9AFAB200CA701D /* GFQuery.m */,
			);
			path = Implementation;
			sourceTree = "<group>";
		};
		C38581B273E7318311B434EB /* Frameworks */ = {
			isa = PBXGroup;
			children = (
				6B2569C8859F01505A7D36EB /* Pods_Poke_Finder.framework */,
			);
			name = Frameworks;
			sourceTree = "<group>";
		};
/* End PBXGroup section */

/* Begin PBXNativeTarget section */
		8512E08B1D958B4C007B26EF /* Poke Finder */ = {
			isa = PBXNativeTarget;
			buildConfigurationList = 8512E09E1D958B4D007B26EF /* Build configuration list for PBXNativeTarget "Poke Finder" */;
			buildPhases = (
				16F0035AC1EE46942D6AB33A /* [CP] Check Pods Manifest.lock */,
				8512E0881D958B4C007B26EF /* Sources */,
				8512E0891D958B4C007B26EF /* Frameworks */,
				8512E08A1D958B4C007B26EF /* Resources */,
				880EE1FE5E6D47CD6F52896A /* [CP] Embed Pods Frameworks */,
				E9D3D4DC5D1BDE3B3DFCE3CA /* [CP] Copy Pods Resources */,
			);
			buildRules = (
			);
			dependencies = (
			);
			name = "Poke Finder";
			productName = "Poke Finder";
			productReference = 8512E08C1D958B4C007B26EF /* Poke Finder.app */;
			productType = "com.apple.product-type.application";
		};
/* End PBXNativeTarget section */

/* Begin PBXProject section */
		8512E0841D958B4B007B26EF /* Project object */ = {
			isa = PBXProject;
			attributes = {
				LastSwiftUpdateCheck = 0800;
				LastUpgradeCheck = 0800;
				ORGANIZATIONNAME = bsc;
				TargetAttributes = {
					8512E08B1D958B4C007B26EF = {
						CreatedOnToolsVersion = 8.0;
						DevelopmentTeam = 3RQAYNAD56;
						LastSwiftMigration = 0800;
						ProvisioningStyle = Automatic;
					};
				};
			};
			buildConfigurationList = 8512E0871D958B4B007B26EF /* Build configuration list for PBXProject "Poke Finder" */;
			compatibilityVersion = "Xcode 3.2";
			developmentRegion = English;
			hasScannedForEncodings = 0;
			knownRegions = (
				en,
				Base,
			);
			mainGroup = 8512E0831D958B4B007B26EF;
			productRefGroup = 8512E08D1D958B4C007B26EF /* Products */;
			projectDirPath = "";
			projectRoot = "";
			targets = (
				8512E08B1D958B4C007B26EF /* Poke Finder */,
			);
		};
/* End PBXProject section */

/* Begin PBXResourcesBuildPhase section */
		8512E08A1D958B4C007B26EF /* Resources */ = {
			isa = PBXResourcesBuildPhase;
			buildActionMask = 2147483647;
			files = (
				8512E09A1D958B4D007B26EF /* LaunchScreen.storyboard in Resources */,
				8522D54E1D9ADE5600CA701D /* GoogleService-Info.plist in Resources */,
				8512E0971D958B4D007B26EF /* Assets.xcassets in Resources */,
				8512E0951D958B4C007B26EF /* Main.storyboard in Resources */,
			);
			runOnlyForDeploymentPostprocessing = 0;
		};
/* End PBXResourcesBuildPhase section */

/* Begin PBXShellScriptBuildPhase section */
		16F0035AC1EE46942D6AB33A /* [CP] Check Pods Manifest.lock */ = {
			isa = PBXShellScriptBuildPhase;
			buildActionMask = 2147483647;
			files = (
			);
			inputPaths = (
			);
			name = "[CP] Check Pods Manifest.lock";
			outputPaths = (
			);
			runOnlyForDeploymentPostprocessing = 0;
			shellPath = /bin/sh;
			shellScript = "diff \"${PODS_ROOT}/../Podfile.lock\" \"${PODS_ROOT}/Manifest.lock\" > /dev/null\nif [ $? != 0 ] ; then\n    # print error to STDERR\n    echo \"error: The sandbox is not in sync with the Podfile.lock. Run 'pod install' or update your CocoaPods installation.\" >&2\n    exit 1\nfi\n";
			showEnvVarsInLog = 0;
		};
		880EE1FE5E6D47CD6F52896A /* [CP] Embed Pods Frameworks */ = {
			isa = PBXShellScriptBuildPhase;
			buildActionMask = 2147483647;
			files = (
			);
			inputPaths = (
			);
			name = "[CP] Embed Pods Frameworks";
			outputPaths = (
			);
			runOnlyForDeploymentPostprocessing = 0;
			shellPath = /bin/sh;
			shellScript = "\"${SRCROOT}/Pods/Target Support Files/Pods-Poke Finder/Pods-Poke Finder-frameworks.sh\"\n";
			showEnvVarsInLog = 0;
		};
		E9D3D4DC5D1BDE3B3DFCE3CA /* [CP] Copy Pods Resources */ = {
			isa = PBXShellScriptBuildPhase;
			buildActionMask = 2147483647;
			files = (
			);
			inputPaths = (
			);
			name = "[CP] Copy Pods Resources";
			outputPaths = (
			);
			runOnlyForDeploymentPostprocessing = 0;
			shellPath = /bin/sh;
			shellScript = "\"${SRCROOT}/Pods/Target Support Files/Pods-Poke Finder/Pods-Poke Finder-resources.sh\"\n";
			showEnvVarsInLog = 0;
		};
/* End PBXShellScriptBuildPhase section */

/* Begin PBXSourcesBuildPhase section */
		8512E0881D958B4C007B26EF /* Sources */ = {
			isa = PBXSourcesBuildPhase;
			buildActionMask = 2147483647;
			files = (
				8512E0921D958B4C007B26EF /* ViewController.swift in Sources */,
				8522D5701D9AFAB200CA701D /* GFBase32Utils.m in Sources */,
				8522D5721D9AFAB200CA701D /* GFGeoHashQuery.m in Sources */,
				8522D56F1D9AFAB200CA701D /* GeoFire.m in Sources */,
				8522D55C1D9AE8A200CA701D /* PokeAnnotation.swift in Sources */,
				8522D5711D9AFAB200CA701D /* GFGeoHash.m in Sources */,
				8512E0901D958B4C007B26EF /* AppDelegate.swift in Sources */,
				8522D5731D9AFAB200CA701D /* GFQuery.m in Sources */,
			);
			runOnlyForDeploymentPostprocessing = 0;
		};
/* End PBXSourcesBuildPhase section */

/* Begin PBXVariantGroup section */
		8512E0931D958B4C007B26EF /* Main.storyboard */ = {
			isa = PBXVariantGroup;
			children = (
				8512E0941D958B4C007B26EF /* Base */,
			);
			name = Main.storyboard;
			sourceTree = "<group>";
		};
		8512E0981D958B4D007B26EF /* LaunchScreen.storyboard */ = {
			isa = PBXVariantGroup;
			children = (
				8512E0991D958B4D007B26EF /* Base */,
			);
			name = LaunchScreen.storyboard;
			sourceTree = "<group>";
		};
/* End PBXVariantGroup section */

/* Begin XCBuildConfiguration section */
		8512E09C1D958B4D007B26EF /* Debug */ = {
			isa = XCBuildConfiguration;
			buildSettings = {
				ALWAYS_SEARCH_USER_PATHS = NO;
				CLANG_ANALYZER_NONNULL = YES;
				CLANG_CXX_LANGUAGE_STANDARD = "gnu++0x";
				CLANG_CXX_LIBRARY = "libc++";
				CLANG_ENABLE_MODULES = YES;
				CLANG_ENABLE_OBJC_ARC = YES;
				CLANG_WARN_BOOL_CONVERSION = YES;
				CLANG_WARN_CONSTANT_CONVERSION = YES;
				CLANG_WARN_DIRECT_OBJC_ISA_USAGE = YES_ERROR;
				CLANG_WARN_DOCUMENTATION_COMMENTS = YES;
				CLANG_WARN_EMPTY_BODY = YES;
				CLANG_WARN_ENUM_CONVERSION = YES;
				CLANG_WARN_INFINITE_RECURSION = YES;
				CLANG_WARN_INT_CONVERSION = YES;
				CLANG_WARN_OBJC_ROOT_CLASS = YES_ERROR;
				CLANG_WARN_SUSPICIOUS_MOVES = YES;
				CLANG_WARN_UNREACHABLE_CODE = YES;
				CLANG_WARN__DUPLICATE_METHOD_MATCH = YES;
				"CODE_SIGN_IDENTITY[sdk=iphoneos*]" = "iPhone Developer";
				COPY_PHASE_STRIP = NO;
				DEBUG_INFORMATION_FORMAT = dwarf;
				ENABLE_STRICT_OBJC_MSGSEND = YES;
				ENABLE_TESTABILITY = YES;
				GCC_C_LANGUAGE_STANDARD = gnu99;
				GCC_DYNAMIC_NO_PIC = NO;
				GCC_NO_COMMON_BLOCKS = YES;
				GCC_OPTIMIZATION_LEVEL = 0;
				GCC_PREPROCESSOR_DEFINITIONS = (
					"DEBUG=1",
					"$(inherited)",
				);
				GCC_WARN_64_TO_32_BIT_CONVERSION = YES;
				GCC_WARN_ABOUT_RETURN_TYPE = YES_ERROR;
				GCC_WARN_UNDECLARED_SELECTOR = YES;
				GCC_WARN_UNINITIALIZED_AUTOS = YES_AGGRESSIVE;
				GCC_WARN_UNUSED_FUNCTION = YES;
				GCC_WARN_UNUSED_VARIABLE = YES;
				IPHONEOS_DEPLOYMENT_TARGET = 10.0;
				MTL_ENABLE_DEBUG_INFO = YES;
				ONLY_ACTIVE_ARCH = YES;
				SDKROOT = iphoneos;
				SWIFT_ACTIVE_COMPILATION_CONDITIONS = DEBUG;
				SWIFT_OPTIMIZATION_LEVEL = "-Onone";
			};
			name = Debug;
		};
		8512E09D1D958B4D007B26EF /* Release */ = {
			isa = XCBuildConfiguration;
			buildSettings = {
				ALWAYS_SEARCH_USER_PATHS = NO;
				CLANG_ANALYZER_NONNULL = YES;
				CLANG_CXX_LANGUAGE_STANDARD = "gnu++0x";
				CLANG_CXX_LIBRARY = "libc++";
				CLANG_ENABLE_MODULES = YES;
				CLANG_ENABLE_OBJC_ARC = YES;
				CLANG_WARN_BOOL_CONVERSION = YES;
				CLANG_WARN_CONSTANT_CONVERSION = YES;
				CLANG_WARN_DIRECT_OBJC_ISA_USAGE = YES_ERROR;
				CLANG_WARN_DOCUMENTATION_COMMENTS = YES;
				CLANG_WARN_EMPTY_BODY = YES;
				CLANG_WARN_ENUM_CONVERSION = YES;
				CLANG_WARN_INFINITE_RECURSION = YES;
				CLANG_WARN_INT_CONVERSION = YES;
				CLANG_WARN_OBJC_ROOT_CLASS = YES_ERROR;
				CLANG_WARN_SUSPICIOUS_MOVES = YES;
				CLANG_WARN_UNREACHABLE_CODE = YES;
				CLANG_WARN__DUPLICATE_METHOD_MATCH = YES;
				"CODE_SIGN_IDENTITY[sdk=iphoneos*]" = "iPhone Developer";
				COPY_PHASE_STRIP = NO;
				DEBUG_INFORMATION_FORMAT = "dwarf-with-dsym";
				ENABLE_NS_ASSERTIONS = NO;
				ENABLE_STRICT_OBJC_MSGSEND = YES;
				GCC_C_LANGUAGE_STANDARD = gnu99;
				GCC_NO_COMMON_BLOCKS = YES;
				GCC_WARN_64_TO_32_BIT_CONVERSION = YES;
				GCC_WARN_ABOUT_RETURN_TYPE = YES_ERROR;
				GCC_WARN_UNDECLARED_SELECTOR = YES;
				GCC_WARN_UNINITIALIZED_AUTOS = YES_AGGRESSIVE;
				GCC_WARN_UNUSED_FUNCTION = YES;
				GCC_WARN_UNUSED_VARIABLE = YES;
				IPHONEOS_DEPLOYMENT_TARGET = 10.0;
				MTL_ENABLE_DEBUG_INFO = NO;
				SDKROOT = iphoneos;
				SWIFT_OPTIMIZATION_LEVEL = "-Owholemodule";
				VALIDATE_PRODUCT = YES;
			};
			name = Release;
		};
		8512E09F1D958B4D007B26EF /* Debug */ = {
			isa = XCBuildConfiguration;
			baseConfigurationReference = F42386A226AD985F0BEFB720 /* Pods-Poke Finder.debug.xcconfig */;
			buildSettings = {
				ASSETCATALOG_COMPILER_APPICON_NAME = AppIcon;
				CLANG_ENABLE_MODULES = YES;
				DEVELOPMENT_TEAM = 3RQAYNAD56;
				INFOPLIST_FILE = "Poke Finder/Info.plist";
				IPHONEOS_DEPLOYMENT_TARGET = 10.0;
				LD_RUNPATH_SEARCH_PATHS = "$(inherited) @executable_path/Frameworks";
				OTHER_LDFLAGS = (
					"$(inherited)",
					"-ObjC",
					"-l\"c++\"",
					"-l\"icucore\"",
					"-l\"sqlite3\"",
					"-l\"z\"",
					"-framework",
					"\"AdSupport\"",
					"-framework",
					"\"AddressBook\"",
					"-framework",
					"\"CFNetwork\"",
					"-framework",
					"\"CoreGraphics\"",
					"-framework",
					"\"FirebaseAnalytics\"",
					"-framework",
					"\"FirebaseDatabase\"",
					"-framework",
					"\"FirebaseInstanceID\"",
					"-framework",
					"\"GoogleInterchangeUtilities\"",
					"-framework",
					"\"GoogleSymbolUtilities\"",
					"-framework",
					"\"GoogleUtilities\"",
					"-framework",
					"\"Security\"",
					"-framework",
					"\"StoreKit\"",
					"-framework",
					"\"SystemConfiguration\"",
				);
				PRODUCT_BUNDLE_IDENTIFIER = "com.bsc.Poke-Finder";
				PRODUCT_NAME = "$(TARGET_NAME)";
				SWIFT_OBJC_BRIDGING_HEADER = "Poke Finder/Poke Finder-Bridging-Header.h";
				SWIFT_OPTIMIZATION_LEVEL = "-Onone";
				SWIFT_VERSION = 3.0;
			};
			name = Debug;
		};
		8512E0A01D958B4D007B26EF /* Release */ = {
			isa = XCBuildConfiguration;
			baseConfigurationReference = 440196DB8804D6CE95A434E0 /* Pods-Poke Finder.release.xcconfig */;
			buildSettings = {
				ASSETCATALOG_COMPILER_APPICON_NAME = AppIcon;
				CLANG_ENABLE_MODULES = YES;
				DEVELOPMENT_TEAM = 3RQAYNAD56;
				INFOPLIST_FILE = "Poke Finder/Info.plist";
				IPHONEOS_DEPLOYMENT_TARGET = 10.0;
				LD_RUNPATH_SEARCH_PATHS = "$(inherited) @executable_path/Frameworks";
				OTHER_LDFLAGS = (
					"$(inherited)",
					"-ObjC",
					"-l\"c++\"",
					"-l\"icucore\"",
					"-l\"sqlite3\"",
					"-l\"z\"",
					"-framework",
					"\"AdSupport\"",
					"-framework",
					"\"AddressBook\"",
					"-framework",
					"\"CFNetwork\"",
					"-framework",
					"\"CoreGraphics\"",
					"-framework",
					"\"FirebaseAnalytics\"",
					"-framework",
					"\"FirebaseDatabase\"",
					"-framework",
					"\"FirebaseInstanceID\"",
					"-framework",
					"\"GoogleInterchangeUtilities\"",
					"-framework",
					"\"GoogleSymbolUtilities\"",
					"-framework",
					"\"GoogleUtilities\"",
					"-framework",
					"\"Security\"",
					"-framework",
					"\"StoreKit\"",
					"-framework",
					"\"SystemConfiguration\"",
				);
				PRODUCT_BUNDLE_IDENTIFIER = "com.bsc.Poke-Finder";
				PRODUCT_NAME = "$(TARGET_NAME)";
				SWIFT_OBJC_BRIDGING_HEADER = "Poke Finder/Poke Finder-Bridging-Header.h";
				SWIFT_VERSION = 3.0;
			};
			name = Release;
		};
/* End XCBuildConfiguration section */

/* Begin XCConfigurationList section */
		8512E0871D958B4B007B26EF /* Build configuration list for PBXProject "Poke Finder" */ = {
			isa = XCConfigurationList;
			buildConfigurations = (
				8512E09C1D958B4D007B26EF /* Debug */,
				8512E09D1D958B4D007B26EF /* Release */,
			);
			defaultConfigurationIsVisible = 0;
			defaultConfigurationName = Release;
		};
		8512E09E1D958B4D007B26EF /* Build configuration list for PBXNativeTarget "Poke Finder" */ = {
			isa = XCConfigurationList;
			buildConfigurations = (
				8512E09F1D958B4D007B26EF /* Debug */,
				8512E0A01D958B4D007B26EF /* Release */,
			);
			defaultConfigurationIsVisible = 0;
			defaultConfigurationName = Release;
		};
/* End XCConfigurationList section */
	};
	rootObject = 8512E0841D958B4B007B26EF /* Project object */;
}
